
Microsoft Visual Studio Solution File, Format Version 12.00
Project("{FAE04EC0-301F-11D3-BF4B-00C04F79EFBC}") = "FacetBuilder", "FacetBuilder\FacetBuilder.csproj", "{67275692-8C87-4329-A0DA-A4AB9989DCB8}"
EndProject
Project("{FAE04EC0-301F-11D3-BF4B-00C04F79EFBC}") = "FacetBuilder.Examples", "FacetBuilder.Examples\FacetBuilder.Examples.csproj", "{B86B50F3-082F-49C6-AE06-39C070DEBE50}"
EndProject
Global
	GlobalSection(SolutionConfigurationPlatforms) = preSolution
		Debug|Any CPU = Debug|Any CPU
		Release|Any CPU = Release|Any CPU
	EndGlobalSection
	GlobalSection(ProjectConfigurationPlatforms) = postSolution
		{67275692-8C87-4329-A0DA-A4AB9989DCB8}.Debug|Any CPU.ActiveCfg = Debug|Any CPU
		{67275692-8C87-4329-A0DA-A4AB9989DCB8}.Debug|Any CPU.Build.0 = Debug|Any CPU
		{67275692-8C87-4329-A0DA-A4AB9989DCB8}.Release|Any CPU.ActiveCfg = Release|Any CPU
		{67275692-8C87-4329-A0DA-A4AB9989DCB8}.Release|Any CPU.Build.0 = Release|Any CPU
		{B86B50F3-082F-49C6-AE06-39C070DEBE50}.Debug|Any CPU.ActiveCfg = Debug|Any CPU
		{B86B50F3-082F-49C6-AE06-39C070DEBE50}.Debug|Any CPU.Build.0 = Debug|Any CPU
		{B86B50F3-082F-49C6-AE06-39C070DEBE50}.Release|Any CPU.ActiveCfg = Release|Any CPU
		{B86B50F3-082F-49C6-AE06-39C070DEBE50}.Release|Any CPU.Build.0 = Release|Any CPU
	EndGlobalSection
EndGlobal
